
Microsoft Visual Studio Solution File, Format Version 12.00
# Visual Studio 15
VisualStudioVersion = 15.0.27130.2027
MinimumVisualStudioVersion = 10.0.40219.1
Project("{888888A0-9F3D-457C-B088-3A5042F75D52}") = "FirstSteps", "FirstSteps\FirstSteps.pyproj", "{B3467C45-DF58-401B-81A1-341C0FBC4DE7}"
EndProject
Project("{2150E333-8FDC-42A3-9474-1A3956D46DE8}") = "Python_Start", "Python_Start", "{18041354-0E52-445C-94D2-C8DCE999A24C}"
EndProject
Project("{2150E333-8FDC-42A3-9474-1A3956D46DE8}") = "Lesson 1 - Введение в Python", "Lesson 1 - Введение в Python", "{0926A61A-843B-493F-8A9E-75173135AA4B}"
EndProject
Project("{2150E333-8FDC-42A3-9474-1A3956D46DE8}") = "Lesson 2 - Переменные и типы данных", "Lesson 2 - Переменные и типы данных", "{F62F5FD3-95BA-4F13-B9AF-616A29C8624B}"
EndProject
Project("{888888A0-9F3D-457C-B088-3A5042F75D52}") = "Variables", "Variables\Variables.pyproj", "{41E7B6FE-E669-48F9-9370-36D0C324049E}"
EndProject
Project("{888888A0-9F3D-457C-B088-3A5042F75D52}") = "Operations_with_numbers", "Operations_with_numbers\Operations_with_numbers.pyproj", "{6268D617-E9D8-4BD2-BD2F-3DFB62557F6D}"
EndProject
Project("{2150E333-8FDC-42A3-9474-1A3956D46DE8}") = "Lesson 3 - Условные конструкции", "Lesson 3 - Условные конструкции", "{17C9F870-FCAF-461B-AC71-FE54D93EE772}"
EndProject
Project("{888888A0-9F3D-457C-B088-3A5042F75D52}") = "Algorithm", "Algorithm\Algorithm.pyproj", "{808438BD-0CC1-4C0E-B720-CE9645646784}"
EndProject
Project("{888888A0-9F3D-457C-B088-3A5042F75D52}") = "Ternary_operator", "Ternary_operator\Ternary_operator.pyproj", "{41BF2450-6D00-4AAC-B0A9-E2965D9A4B38}"
EndProject
Project("{888888A0-9F3D-457C-B088-3A5042F75D52}") = "Logical_values", "Logical_values\Logical_values.pyproj", "{F0DC3B8C-5B6A-474B-8A98-9A60F32BA7B2}"
EndProject
Project("{2150E333-8FDC-42A3-9474-1A3956D46DE8}") = "Lesson 4 - Циклические конструкции", "Lesson 4 - Циклические конструкции", "{095CE001-E1DD-4E8A-AB4A-EF41FB60F21A}"
EndProject
Project("{888888A0-9F3D-457C-B088-3A5042F75D52}") = "While_loop", "While_loop\While_loop.pyproj", "{C1A28596-BD37-4EA7-A7A7-EF46ECC106BA}"
EndProject
Project("{888888A0-9F3D-457C-B088-3A5042F75D52}") = "Break_Continue_operators", "Break_Continue_operators\Break_Continue_operators.pyproj", "{F1EBEA2A-AFDF-4BF4-BD33-C8C70F93006D}"
EndProject
Project("{888888A0-9F3D-457C-B088-3A5042F75D52}") = "for_loop_example", "for_loop_example1\for_loop_example.pyproj", "{74E574BD-CB5E-45BE-83AB-4CF057424B50}"
EndProject
Project("{888888A0-9F3D-457C-B088-3A5042F75D52}") = "Nested_loops", "Nested_loops\Nested_loops.pyproj", "{5164C3F5-77CD-4A48-9359-8D55F24BC475}"
EndProject
Global
	GlobalSection(SolutionConfigurationPlatforms) = preSolution
		Debug|Any CPU = Debug|Any CPU
		Release|Any CPU = Release|Any CPU
	EndGlobalSection
	GlobalSection(ProjectConfigurationPlatforms) = postSolution
		{B3467C45-DF58-401B-81A1-341C0FBC4DE7}.Debug|Any CPU.ActiveCfg = Debug|Any CPU
		{B3467C45-DF58-401B-81A1-341C0FBC4DE7}.Release|Any CPU.ActiveCfg = Release|Any CPU
		{41E7B6FE-E669-48F9-9370-36D0C324049E}.Debug|Any CPU.ActiveCfg = Debug|Any CPU
		{41E7B6FE-E669-48F9-9370-36D0C324049E}.Release|Any CPU.ActiveCfg = Release|Any CPU
		{6268D617-E9D8-4BD2-BD2F-3DFB62557F6D}.Debug|Any CPU.ActiveCfg = Debug|Any CPU
		{6268D617-E9D8-4BD2-BD2F-3DFB62557F6D}.Release|Any CPU.ActiveCfg = Release|Any CPU
		{808438BD-0CC1-4C0E-B720-CE9645646784}.Debug|Any CPU.ActiveCfg = Debug|Any CPU
		{808438BD-0CC1-4C0E-B720-CE9645646784}.Release|Any CPU.ActiveCfg = Release|Any CPU
		{41BF2450-6D00-4AAC-B0A9-E2965D9A4B38}.Debug|Any CPU.ActiveCfg = Debug|Any CPU
		{41BF2450-6D00-4AAC-B0A9-E2965D9A4B38}.Release|Any CPU.ActiveCfg = Release|Any CPU
		{F0DC3B8C-5B6A-474B-8A98-9A60F32BA7B2}.Debug|Any CPU.ActiveCfg = Debug|Any CPU
		{F0DC3B8C-5B6A-474B-8A98-9A60F32BA7B2}.Release|Any CPU.ActiveCfg = Release|Any CPU
		{C1A28596-BD37-4EA7-A7A7-EF46ECC106BA}.Debug|Any CPU.ActiveCfg = Debug|Any CPU
		{C1A28596-BD37-4EA7-A7A7-EF46ECC106BA}.Release|Any CPU.ActiveCfg = Release|Any CPU
		{F1EBEA2A-AFDF-4BF4-BD33-C8C70F93006D}.Debug|Any CPU.ActiveCfg = Debug|Any CPU
		{F1EBEA2A-AFDF-4BF4-BD33-C8C70F93006D}.Release|Any CPU.ActiveCfg = Release|Any CPU
		{74E574BD-CB5E-45BE-83AB-4CF057424B50}.Debug|Any CPU.ActiveCfg = Debug|Any CPU
		{74E574BD-CB5E-45BE-83AB-4CF057424B50}.Release|Any CPU.ActiveCfg = Release|Any CPU
		{5164C3F5-77CD-4A48-9359-8D55F24BC475}.Debug|Any CPU.ActiveCfg = Debug|Any CPU
		{5164C3F5-77CD-4A48-9359-8D55F24BC475}.Release|Any CPU.ActiveCfg = Release|Any CPU
	EndGlobalSection
	GlobalSection(SolutionProperties) = preSolution
		HideSolutionNode = FALSE
	EndGlobalSection
	GlobalSection(NestedProjects) = preSolution
		{B3467C45-DF58-401B-81A1-341C0FBC4DE7} = {0926A61A-843B-493F-8A9E-75173135AA4B}
		{0926A61A-843B-493F-8A9E-75173135AA4B} = {18041354-0E52-445C-94D2-C8DCE999A24C}
		{F62F5FD3-95BA-4F13-B9AF-616A29C8624B} = {18041354-0E52-445C-94D2-C8DCE999A24C}
		{41E7B6FE-E669-48F9-9370-36D0C324049E} = {F62F5FD3-95BA-4F13-B9AF-616A29C8624B}
		{6268D617-E9D8-4BD2-BD2F-3DFB62557F6D} = {F62F5FD3-95BA-4F13-B9AF-616A29C8624B}
		{17C9F870-FCAF-461B-AC71-FE54D93EE772} = {18041354-0E52-445C-94D2-C8DCE999A24C}
		{808438BD-0CC1-4C0E-B720-CE9645646784} = {17C9F870-FCAF-461B-AC71-FE54D93EE772}
		{41BF2450-6D00-4AAC-B0A9-E2965D9A4B38} = {17C9F870-FCAF-461B-AC71-FE54D93EE772}
		{F0DC3B8C-5B6A-474B-8A98-9A60F32BA7B2} = {17C9F870-FCAF-461B-AC71-FE54D93EE772}
		{095CE001-E1DD-4E8A-AB4A-EF41FB60F21A} = {18041354-0E52-445C-94D2-C8DCE999A24C}
		{C1A28596-BD37-4EA7-A7A7-EF46ECC106BA} = {095CE001-E1DD-4E8A-AB4A-EF41FB60F21A}
		{F1EBEA2A-AFDF-4BF4-BD33-C8C70F93006D} = {095CE001-E1DD-4E8A-AB4A-EF41FB60F21A}
		{74E574BD-CB5E-45BE-83AB-4CF057424B50} = {095CE001-E1DD-4E8A-AB4A-EF41FB60F21A}
		{5164C3F5-77CD-4A48-9359-8D55F24BC475} = {095CE001-E1DD-4E8A-AB4A-EF41FB60F21A}
	EndGlobalSection
	GlobalSection(ExtensibilityGlobals) = postSolution
		SolutionGuid = {65FB206B-75CA-43A4-B4B3-C6B5D66867A9}
	EndGlobalSection
EndGlobal
